{
  "nodes": {
    "androidPkgs": {
      "inputs": {
        "devshell": "devshell",
        "flake-utils": "flake-utils_2",
        "nixpkgs": "nixpkgs"
      },
      "locked": {
        "lastModified": 1711829704,
        "narHash": "sha256-y1ii2SZKesn4wwqn/7g9SN1oBk0t7piQhGmijVBGXfI=",
        "owner": "tadfisher",
        "repo": "android-nixpkgs",
        "rev": "b8cae01d03eb9ded03c00fa1eeef7d448a46d77f",
        "type": "github"
      },
      "original": {
        "owner": "tadfisher",
        "ref": "stable",
        "repo": "android-nixpkgs",
        "type": "github"
      }
    },
    "devshell": {
      "inputs": {
        "flake-utils": "flake-utils",
        "nixpkgs": [
          "androidPkgs",
          "nixpkgs"
        ]
      },
      "locked": {
        "lastModified": 1711099426,
        "narHash": "sha256-HzpgM/wc3aqpnHJJ2oDqPBkNsqWbW0WfWUO8lKu8nGk=",
        "owner": "numtide",
        "repo": "devshell",
        "rev": "2d45b54ca4a183f2fdcf4b19c895b64fbf620ee8",
        "type": "github"
      },
      "original": {
        "owner": "numtide",
        "repo": "devshell",
        "type": "github"
      }
    },
    "flake-compat": {
      "locked": {
        "lastModified": 1688025799,
        "narHash": "sha256-ktpB4dRtnksm9F5WawoIkEneh1nrEvuxb5lJFt1iOyw=",
        "owner": "nix-community",
        "repo": "flake-compat",
        "rev": "8bf105319d44f6b9f0d764efa4fdef9f1cc9ba1c",
        "type": "github"
      },
      "original": {
        "owner": "nix-community",
        "repo": "flake-compat",
        "type": "github"
      }
    },
    "flake-utils": {
      "inputs": {
        "systems": "systems"
      },
      "locked": {
        "lastModified": 1701680307,
        "narHash": "sha256-kAuep2h5ajznlPMD9rnQyffWG8EM/C73lejGofXvdM8=",
        "owner": "numtide",
        "repo": "flake-utils",
        "rev": "4022d587cbbfd70fe950c1e2083a02621806a725",
        "type": "github"
      },
      "original": {
        "owner": "numtide",
        "repo": "flake-utils",
        "type": "github"
      }
    },
    "flake-utils_2": {
      "inputs": {
        "systems": "systems_2"
      },
      "locked": {
        "lastModified": 1710146030,
        "narHash": "sha256-SZ5L6eA7HJ/nmkzGG7/ISclqe6oZdOZTNoesiInkXPQ=",
        "owner": "numtide",
        "repo": "flake-utils",
        "rev": "b1d9ab70662946ef0850d488da1c9019f3a9752a",
        "type": "github"
      },
      "original": {
        "owner": "numtide",
        "repo": "flake-utils",
        "type": "github"
      }
    },
    "nixpkgs": {
      "locked": {
        "lastModified": 1711703276,
        "narHash": "sha256-iMUFArF0WCatKK6RzfUJknjem0H9m4KgorO/p3Dopkk=",
        "owner": "NixOS",
        "repo": "nixpkgs",
        "rev": "d8fe5e6c92d0d190646fb9f1056741a229980089",
        "type": "github"
      },
      "original": {
        "owner": "NixOS",
        "ref": "nixos-unstable",
        "repo": "nixpkgs",
        "type": "github"
      }
    },
    "nixpkgs-unstable": {
      "locked": {
        "lastModified": 1716330097,
        "narHash": "sha256-8BO3B7e3BiyIDsaKA0tY8O88rClYRTjvAp66y+VBUeU=",
        "owner": "NixOS",
        "repo": "nixpkgs",
        "rev": "5710852ba686cc1fd0d3b8e22b3117d43ba374c2",
        "type": "github"
      },
      "original": {
        "owner": "NixOS",
        "ref": "nixos-unstable",
        "repo": "nixpkgs",
        "type": "github"
      }
    },
    "nixpkgs_2": {
      "locked": {
        "lastModified": 1711668574,
        "narHash": "sha256-u1dfs0ASQIEr1icTVrsKwg2xToIpn7ZXxW3RHfHxshg=",
        "owner": "NixOS",
        "repo": "nixpkgs",
        "rev": "219951b495fc2eac67b1456824cc1ec1fd2ee659",
        "type": "github"
      },
      "original": {
        "owner": "NixOS",
        "ref": "nixos-23.11",
        "repo": "nixpkgs",
        "type": "github"
      }
    },
    "root": {
      "inputs": {
        "androidPkgs": "androidPkgs",
        "flake-compat": "flake-compat",
        "nixpkgs": "nixpkgs_2",
        "nixpkgs-unstable": "nixpkgs-unstable"
      }
    },
    "systems": {
      "locked": {
        "lastModified": 1681028828,
        "narHash": "sha256-Vy1rq5AaRuLzOxct8nz4T6wlgyUR7zLU309k9mBC768=",
        "owner": "nix-systems",
        "repo": "default",
        "rev": "da67096a3b9bf56a91d16901293e51ba5b49a27e",
        "type": "github"
      },
      "original": {
        "owner": "nix-systems",
        "repo": "default",
        "type": "github"
      }
    },
    "systems_2": {
      "locked": {
        "lastModified": 1681028828,
        "narHash": "sha256-Vy1rq5AaRuLzOxct8nz4T6wlgyUR7zLU309k9mBC768=",
        "owner": "nix-systems",
        "repo": "default",
        "rev": "da67096a3b9bf56a91d16901293e51ba5b49a27e",
        "type": "github"
      },
      "original": {
        "owner": "nix-systems",
        "repo": "default",
        "type": "github"
      }
    }
  },
  "root": "root",
  "version": 7
}
